
Microsoft Visual Studio Solution File, Format Version 12.00
# Visual Studio Version 16
VisualStudioVersion = 16.0.31129.286
MinimumVisualStudioVersion = 10.0.40219.1
Project("{FAE04EC0-301F-11D3-BF4B-00C04F79EFBC}") = "LabCorpEmployee", "LabCorpEmployee\LabCorpEmployee.csproj", "{8894BB3C-B6C1-4B6C-A480-8FA9BEE232EB}"
EndProject
Project("{FAE04EC0-301F-11D3-BF4B-00C04F79EFBC}") = "EmployeeTest", "EmployeeTest\EmployeeTest.csproj", "{2DF30BA6-1DA1-4185-BA5D-B489414B48C3}"
EndProject
Global
	GlobalSection(SolutionConfigurationPlatforms) = preSolution
		Debug|Any CPU = Debug|Any CPU
		Release|Any CPU = Release|Any CPU
	EndGlobalSection
	GlobalSection(ProjectConfigurationPlatforms) = postSolution
		{8894BB3C-B6C1-4B6C-A480-8FA9BEE232EB}.Debug|Any CPU.ActiveCfg = Debug|Any CPU
		{8894BB3C-B6C1-4B6C-A480-8FA9BEE232EB}.Debug|Any CPU.Build.0 = Debug|Any CPU
		{8894BB3C-B6C1-4B6C-A480-8FA9BEE232EB}.Release|Any CPU.ActiveCfg = Release|Any CPU
		{8894BB3C-B6C1-4B6C-A480-8FA9BEE232EB}.Release|Any CPU.Build.0 = Release|Any CPU
		{2DF30BA6-1DA1-4185-BA5D-B489414B48C3}.Debug|Any CPU.ActiveCfg = Debug|Any CPU
		{2DF30BA6-1DA1-4185-BA5D-B489414B48C3}.Debug|Any CPU.Build.0 = Debug|Any CPU
		{2DF30BA6-1DA1-4185-BA5D-B489414B48C3}.Release|Any CPU.ActiveCfg = Release|Any CPU
		{2DF30BA6-1DA1-4185-BA5D-B489414B48C3}.Release|Any CPU.Build.0 = Release|Any CPU
	EndGlobalSection
	GlobalSection(SolutionProperties) = preSolution
		HideSolutionNode = FALSE
	EndGlobalSection
	GlobalSection(ExtensibilityGlobals) = postSolution
		SolutionGuid = {E2705AF5-4FAF-403F-A46C-D670019532FC}
	EndGlobalSection
EndGlobal
